
Microsoft Visual Studio Solution File, Format Version 12.00
# Visual Studio Version 17
VisualStudioVersion = 17.2.32505.173
MinimumVisualStudioVersion = 10.0.40219.1
Project("{FAE04EC0-301F-11D3-BF4B-00C04F79EFBC}") = "App.Android", "App\App.Android\App.Android.csproj", "{7D6BE738-F849-4252-A7D5-F2DF69DCE7B9}"
EndProject
Project("{FAE04EC0-301F-11D3-BF4B-00C04F79EFBC}") = "App.iOS", "App\App.iOS\App.iOS.csproj", "{D2E4CA3F-2D12-4CF8-9C83-AD293057A776}"
EndProject
Project("{FAE04EC0-301F-11D3-BF4B-00C04F79EFBC}") = "App", "App\App\App.csproj", "{CFC44BC0-F5C8-4259-8B3B-1EE938CF0EF7}"
EndProject
Global
	GlobalSection(SolutionConfigurationPlatforms) = preSolution
		Debug|Any CPU = Debug|Any CPU
		Debug|iPhone = Debug|iPhone
		Debug|iPhoneSimulator = Debug|iPhoneSimulator
		Release|Any CPU = Release|Any CPU
		Release|iPhone = Release|iPhone
		Release|iPhoneSimulator = Release|iPhoneSimulator
	EndGlobalSection
	GlobalSection(ProjectConfigurationPlatforms) = postSolution
		{7D6BE738-F849-4252-A7D5-F2DF69DCE7B9}.Debug|Any CPU.ActiveCfg = Debug|Any CPU
		{7D6BE738-F849-4252-A7D5-F2DF69DCE7B9}.Debug|Any CPU.Build.0 = Debug|Any CPU
		{7D6BE738-F849-4252-A7D5-F2DF69DCE7B9}.Debug|Any CPU.Deploy.0 = Debug|Any CPU
		{7D6BE738-F849-4252-A7D5-F2DF69DCE7B9}.Debug|iPhone.ActiveCfg = Debug|Any CPU
		{7D6BE738-F849-4252-A7D5-F2DF69DCE7B9}.Debug|iPhone.Build.0 = Debug|Any CPU
		{7D6BE738-F849-4252-A7D5-F2DF69DCE7B9}.Debug|iPhone.Deploy.0 = Debug|Any CPU
		{7D6BE738-F849-4252-A7D5-F2DF69DCE7B9}.Debug|iPhoneSimulator.ActiveCfg = Debug|Any CPU
		{7D6BE738-F849-4252-A7D5-F2DF69DCE7B9}.Debug|iPhoneSimulator.Build.0 = Debug|Any CPU
		{7D6BE738-F849-4252-A7D5-F2DF69DCE7B9}.Debug|iPhoneSimulator.Deploy.0 = Debug|Any CPU
		{7D6BE738-F849-4252-A7D5-F2DF69DCE7B9}.Release|Any CPU.ActiveCfg = Release|Any CPU
		{7D6BE738-F849-4252-A7D5-F2DF69DCE7B9}.Release|Any CPU.Build.0 = Release|Any CPU
		{7D6BE738-F849-4252-A7D5-F2DF69DCE7B9}.Release|Any CPU.Deploy.0 = Release|Any CPU
		{7D6BE738-F849-4252-A7D5-F2DF69DCE7B9}.Release|iPhone.ActiveCfg = Release|Any CPU
		{7D6BE738-F849-4252-A7D5-F2DF69DCE7B9}.Release|iPhone.Build.0 = Release|Any CPU
		{7D6BE738-F849-4252-A7D5-F2DF69DCE7B9}.Release|iPhone.Deploy.0 = Release|Any CPU
		{7D6BE738-F849-4252-A7D5-F2DF69DCE7B9}.Release|iPhoneSimulator.ActiveCfg = Release|Any CPU
		{7D6BE738-F849-4252-A7D5-F2DF69DCE7B9}.Release|iPhoneSimulator.Build.0 = Release|Any CPU
		{7D6BE738-F849-4252-A7D5-F2DF69DCE7B9}.Release|iPhoneSimulator.Deploy.0 = Release|Any CPU
		{D2E4CA3F-2D12-4CF8-9C83-AD293057A776}.Debug|Any CPU.ActiveCfg = Debug|iPhone
		{D2E4CA3F-2D12-4CF8-9C83-AD293057A776}.Debug|Any CPU.Build.0 = Debug|iPhone
		{D2E4CA3F-2D12-4CF8-9C83-AD293057A776}.Debug|Any CPU.Deploy.0 = Debug|iPhone
		{D2E4CA3F-2D12-4CF8-9C83-AD293057A776}.Debug|iPhone.ActiveCfg = Debug|iPhone
		{D2E4CA3F-2D12-4CF8-9C83-AD293057A776}.Debug|iPhone.Build.0 = Debug|iPhone
		{D2E4CA3F-2D12-4CF8-9C83-AD293057A776}.Debug|iPhone.Deploy.0 = Debug|iPhone
		{D2E4CA3F-2D12-4CF8-9C83-AD293057A776}.Debug|iPhoneSimulator.ActiveCfg = Debug|iPhoneSimulator
		{D2E4CA3F-2D12-4CF8-9C83-AD293057A776}.Debug|iPhoneSimulator.Build.0 = Debug|iPhoneSimulator
		{D2E4CA3F-2D12-4CF8-9C83-AD293057A776}.Debug|iPhoneSimulator.Deploy.0 = Debug|iPhoneSimulator
		{D2E4CA3F-2D12-4CF8-9C83-AD293057A776}.Release|Any CPU.ActiveCfg = Release|iPhoneSimulator
		{D2E4CA3F-2D12-4CF8-9C83-AD293057A776}.Release|Any CPU.Build.0 = Release|iPhoneSimulator
		{D2E4CA3F-2D12-4CF8-9C83-AD293057A776}.Release|Any CPU.Deploy.0 = Release|iPhoneSimulator
		{D2E4CA3F-2D12-4CF8-9C83-AD293057A776}.Release|iPhone.ActiveCfg = Release|iPhone
		{D2E4CA3F-2D12-4CF8-9C83-AD293057A776}.Release|iPhone.Build.0 = Release|iPhone
		{D2E4CA3F-2D12-4CF8-9C83-AD293057A776}.Release|iPhone.Deploy.0 = Release|iPhone
		{D2E4CA3F-2D12-4CF8-9C83-AD293057A776}.Release|iPhoneSimulator.ActiveCfg = Release|iPhoneSimulator
		{D2E4CA3F-2D12-4CF8-9C83-AD293057A776}.Release|iPhoneSimulator.Build.0 = Release|iPhoneSimulator
		{D2E4CA3F-2D12-4CF8-9C83-AD293057A776}.Release|iPhoneSimulator.Deploy.0 = Release|iPhoneSimulator
		{CFC44BC0-F5C8-4259-8B3B-1EE938CF0EF7}.Debug|Any CPU.ActiveCfg = Debug|Any CPU
		{CFC44BC0-F5C8-4259-8B3B-1EE938CF0EF7}.Debug|Any CPU.Build.0 = Debug|Any CPU
		{CFC44BC0-F5C8-4259-8B3B-1EE938CF0EF7}.Debug|Any CPU.Deploy.0 = Debug|Any CPU
		{CFC44BC0-F5C8-4259-8B3B-1EE938CF0EF7}.Debug|iPhone.ActiveCfg = Debug|Any CPU
		{CFC44BC0-F5C8-4259-8B3B-1EE938CF0EF7}.Debug|iPhone.Build.0 = Debug|Any CPU
		{CFC44BC0-F5C8-4259-8B3B-1EE938CF0EF7}.Debug|iPhone.Deploy.0 = Debug|Any CPU
		{CFC44BC0-F5C8-4259-8B3B-1EE938CF0EF7}.Debug|iPhoneSimulator.ActiveCfg = Debug|Any CPU
		{CFC44BC0-F5C8-4259-8B3B-1EE938CF0EF7}.Debug|iPhoneSimulator.Build.0 = Debug|Any CPU
		{CFC44BC0-F5C8-4259-8B3B-1EE938CF0EF7}.Debug|iPhoneSimulator.Deploy.0 = Debug|Any CPU
		{CFC44BC0-F5C8-4259-8B3B-1EE938CF0EF7}.Release|Any CPU.ActiveCfg = Release|Any CPU
		{CFC44BC0-F5C8-4259-8B3B-1EE938CF0EF7}.Release|Any CPU.Build.0 = Release|Any CPU
		{CFC44BC0-F5C8-4259-8B3B-1EE938CF0EF7}.Release|Any CPU.Deploy.0 = Release|Any CPU
		{CFC44BC0-F5C8-4259-8B3B-1EE938CF0EF7}.Release|iPhone.ActiveCfg = Release|Any CPU
		{CFC44BC0-F5C8-4259-8B3B-1EE938CF0EF7}.Release|iPhone.Build.0 = Release|Any CPU
		{CFC44BC0-F5C8-4259-8B3B-1EE938CF0EF7}.Release|iPhone.Deploy.0 = Release|Any CPU
		{CFC44BC0-F5C8-4259-8B3B-1EE938CF0EF7}.Release|iPhoneSimulator.ActiveCfg = Release|Any CPU
		{CFC44BC0-F5C8-4259-8B3B-1EE938CF0EF7}.Release|iPhoneSimulator.Build.0 = Release|Any CPU
		{CFC44BC0-F5C8-4259-8B3B-1EE938CF0EF7}.Release|iPhoneSimulator.Deploy.0 = Release|Any CPU
	EndGlobalSection
	GlobalSection(SolutionProperties) = preSolution
		HideSolutionNode = FALSE
	EndGlobalSection
	GlobalSection(ExtensibilityGlobals) = postSolution
		SolutionGuid = {8F0A01D0-C649-44BF-A223-EB1F791BAB31}
	EndGlobalSection
EndGlobal
